
Microsoft Visual Studio Solution File, Format Version 12.00
# Visual Studio Version 17
VisualStudioVersion = 17.7.34031.279
MinimumVisualStudioVersion = 10.0.40219.1
Project("{8BC9CEB8-8B4A-11D0-8D11-00A0C91BC942}") = "1.线性表-数组描述", "1.线性表-数组描述\1.线性表-数组描述.vcxproj", "{51DC5575-A9D3-4CE6-9EAF-6403AFBAF094}"
EndProject
Project("{8BC9CEB8-8B4A-11D0-8D11-00A0C91BC942}") = "2.线性表-链式描述", "2.线性表-链式描述\2.线性表-链式描述.vcxproj", "{BFA39984-2241-487B-BE91-D68F673B4CB7}"
EndProject
Project("{8BC9CEB8-8B4A-11D0-8D11-00A0C91BC942}") = "3.栈", "3.栈\3.栈.vcxproj", "{45802F95-908C-4561-81C4-534BEAFDAE2C}"
EndProject
Project("{8BC9CEB8-8B4A-11D0-8D11-00A0C91BC942}") = "4.队列", "4.队列\4.队列.vcxproj", "{7FFF9EA4-74A8-47D3-A87F-D88FCB13DEC9}"
EndProject
Project("{8BC9CEB8-8B4A-11D0-8D11-00A0C91BC942}") = "5.跳表和散列", "5.跳表和队列\5.跳表和队列.vcxproj", "{6318CE74-6848-4E6A-AFBA-1C626FC7FD2C}"
EndProject
Project("{8BC9CEB8-8B4A-11D0-8D11-00A0C91BC942}") = "6.二叉树", "6.二叉树\6.二叉树.vcxproj", "{34D78067-6B3E-4C79-ACA6-09ABBEEE0C0A}"
EndProject
Project("{8BC9CEB8-8B4A-11D0-8D11-00A0C91BC942}") = "7.优先级队列", "7.优先级队列\7.优先级队列.vcxproj", "{B30E387C-DAF3-4B8A-9DBD-487A152047C4}"
EndProject
Project("{8BC9CEB8-8B4A-11D0-8D11-00A0C91BC942}") = "8.二叉搜索树", "8.二叉搜索树\8.二叉搜索树.vcxproj", "{7E6EA6FB-0864-41DA-9322-7B05ADE93E90}"
EndProject
Global
	GlobalSection(SolutionConfigurationPlatforms) = preSolution
		Debug|x64 = Debug|x64
		Debug|x86 = Debug|x86
		Release|x64 = Release|x64
		Release|x86 = Release|x86
	EndGlobalSection
	GlobalSection(ProjectConfigurationPlatforms) = postSolution
		{51DC5575-A9D3-4CE6-9EAF-6403AFBAF094}.Debug|x64.ActiveCfg = Debug|x64
		{51DC5575-A9D3-4CE6-9EAF-6403AFBAF094}.Debug|x64.Build.0 = Debug|x64
		{51DC5575-A9D3-4CE6-9EAF-6403AFBAF094}.Debug|x86.ActiveCfg = Debug|Win32
		{51DC5575-A9D3-4CE6-9EAF-6403AFBAF094}.Debug|x86.Build.0 = Debug|Win32
		{51DC5575-A9D3-4CE6-9EAF-6403AFBAF094}.Release|x64.ActiveCfg = Release|x64
		{51DC5575-A9D3-4CE6-9EAF-6403AFBAF094}.Release|x64.Build.0 = Release|x64
		{51DC5575-A9D3-4CE6-9EAF-6403AFBAF094}.Release|x86.ActiveCfg = Release|Win32
		{51DC5575-A9D3-4CE6-9EAF-6403AFBAF094}.Release|x86.Build.0 = Release|Win32
		{BFA39984-2241-487B-BE91-D68F673B4CB7}.Debug|x64.ActiveCfg = Debug|x64
		{BFA39984-2241-487B-BE91-D68F673B4CB7}.Debug|x64.Build.0 = Debug|x64
		{BFA39984-2241-487B-BE91-D68F673B4CB7}.Debug|x86.ActiveCfg = Debug|Win32
		{BFA39984-2241-487B-BE91-D68F673B4CB7}.Debug|x86.Build.0 = Debug|Win32
		{BFA39984-2241-487B-BE91-D68F673B4CB7}.Release|x64.ActiveCfg = Release|x64
		{BFA39984-2241-487B-BE91-D68F673B4CB7}.Release|x64.Build.0 = Release|x64
		{BFA39984-2241-487B-BE91-D68F673B4CB7}.Release|x86.ActiveCfg = Release|Win32
		{BFA39984-2241-487B-BE91-D68F673B4CB7}.Release|x86.Build.0 = Release|Win32
		{45802F95-908C-4561-81C4-534BEAFDAE2C}.Debug|x64.ActiveCfg = Debug|x64
		{45802F95-908C-4561-81C4-534BEAFDAE2C}.Debug|x64.Build.0 = Debug|x64
		{45802F95-908C-4561-81C4-534BEAFDAE2C}.Debug|x86.ActiveCfg = Debug|Win32
		{45802F95-908C-4561-81C4-534BEAFDAE2C}.Debug|x86.Build.0 = Debug|Win32
		{45802F95-908C-4561-81C4-534BEAFDAE2C}.Release|x64.ActiveCfg = Release|x64
		{45802F95-908C-4561-81C4-534BEAFDAE2C}.Release|x64.Build.0 = Release|x64
		{45802F95-908C-4561-81C4-534BEAFDAE2C}.Release|x86.ActiveCfg = Release|Win32
		{45802F95-908C-4561-81C4-534BEAFDAE2C}.Release|x86.Build.0 = Release|Win32
		{7FFF9EA4-74A8-47D3-A87F-D88FCB13DEC9}.Debug|x64.ActiveCfg = Debug|x64
		{7FFF9EA4-74A8-47D3-A87F-D88FCB13DEC9}.Debug|x64.Build.0 = Debug|x64
		{7FFF9EA4-74A8-47D3-A87F-D88FCB13DEC9}.Debug|x86.ActiveCfg = Debug|Win32
		{7FFF9EA4-74A8-47D3-A87F-D88FCB13DEC9}.Debug|x86.Build.0 = Debug|Win32
		{7FFF9EA4-74A8-47D3-A87F-D88FCB13DEC9}.Release|x64.ActiveCfg = Release|x64
		{7FFF9EA4-74A8-47D3-A87F-D88FCB13DEC9}.Release|x64.Build.0 = Release|x64
		{7FFF9EA4-74A8-47D3-A87F-D88FCB13DEC9}.Release|x86.ActiveCfg = Release|Win32
		{7FFF9EA4-74A8-47D3-A87F-D88FCB13DEC9}.Release|x86.Build.0 = Release|Win32
		{6318CE74-6848-4E6A-AFBA-1C626FC7FD2C}.Debug|x64.ActiveCfg = Debug|x64
		{6318CE74-6848-4E6A-AFBA-1C626FC7FD2C}.Debug|x64.Build.0 = Debug|x64
		{6318CE74-6848-4E6A-AFBA-1C626FC7FD2C}.Debug|x86.ActiveCfg = Debug|Win32
		{6318CE74-6848-4E6A-AFBA-1C626FC7FD2C}.Debug|x86.Build.0 = Debug|Win32
		{6318CE74-6848-4E6A-AFBA-1C626FC7FD2C}.Release|x64.ActiveCfg = Release|x64
		{6318CE74-6848-4E6A-AFBA-1C626FC7FD2C}.Release|x64.Build.0 = Release|x64
		{6318CE74-6848-4E6A-AFBA-1C626FC7FD2C}.Release|x86.ActiveCfg = Release|Win32
		{6318CE74-6848-4E6A-AFBA-1C626FC7FD2C}.Release|x86.Build.0 = Release|Win32
		{34D78067-6B3E-4C79-ACA6-09ABBEEE0C0A}.Debug|x64.ActiveCfg = Debug|x64
		{34D78067-6B3E-4C79-ACA6-09ABBEEE0C0A}.Debug|x64.Build.0 = Debug|x64
		{34D78067-6B3E-4C79-ACA6-09ABBEEE0C0A}.Debug|x86.ActiveCfg = Debug|Win32
		{34D78067-6B3E-4C79-ACA6-09ABBEEE0C0A}.Debug|x86.Build.0 = Debug|Win32
		{34D78067-6B3E-4C79-ACA6-09ABBEEE0C0A}.Release|x64.ActiveCfg = Release|x64
		{34D78067-6B3E-4C79-ACA6-09ABBEEE0C0A}.Release|x64.Build.0 = Release|x64
		{34D78067-6B3E-4C79-ACA6-09ABBEEE0C0A}.Release|x86.ActiveCfg = Release|Win32
		{34D78067-6B3E-4C79-ACA6-09ABBEEE0C0A}.Release|x86.Build.0 = Release|Win32
		{B30E387C-DAF3-4B8A-9DBD-487A152047C4}.Debug|x64.ActiveCfg = Debug|x64
		{B30E387C-DAF3-4B8A-9DBD-487A152047C4}.Debug|x64.Build.0 = Debug|x64
		{B30E387C-DAF3-4B8A-9DBD-487A152047C4}.Debug|x86.ActiveCfg = Debug|Win32
		{B30E387C-DAF3-4B8A-9DBD-487A152047C4}.Debug|x86.Build.0 = Debug|Win32
		{B30E387C-DAF3-4B8A-9DBD-487A152047C4}.Release|x64.ActiveCfg = Release|x64
		{B30E387C-DAF3-4B8A-9DBD-487A152047C4}.Release|x64.Build.0 = Release|x64
		{B30E387C-DAF3-4B8A-9DBD-487A152047C4}.Release|x86.ActiveCfg = Release|Win32
		{B30E387C-DAF3-4B8A-9DBD-487A152047C4}.Release|x86.Build.0 = Release|Win32
		{7E6EA6FB-0864-41DA-9322-7B05ADE93E90}.Debug|x64.ActiveCfg = Debug|x64
		{7E6EA6FB-0864-41DA-9322-7B05ADE93E90}.Debug|x64.Build.0 = Debug|x64
		{7E6EA6FB-0864-41DA-9322-7B05ADE93E90}.Debug|x86.ActiveCfg = Debug|Win32
		{7E6EA6FB-0864-41DA-9322-7B05ADE93E90}.Debug|x86.Build.0 = Debug|Win32
		{7E6EA6FB-0864-41DA-9322-7B05ADE93E90}.Release|x64.ActiveCfg = Release|x64
		{7E6EA6FB-0864-41DA-9322-7B05ADE93E90}.Release|x64.Build.0 = Release|x64
		{7E6EA6FB-0864-41DA-9322-7B05ADE93E90}.Release|x86.ActiveCfg = Release|Win32
		{7E6EA6FB-0864-41DA-9322-7B05ADE93E90}.Release|x86.Build.0 = Release|Win32
	EndGlobalSection
	GlobalSection(SolutionProperties) = preSolution
		HideSolutionNode = FALSE
	EndGlobalSection
	GlobalSection(ExtensibilityGlobals) = postSolution
		SolutionGuid = {6467C8DF-8C18-4813-9EE9-3D8942C20C15}
	EndGlobalSection
EndGlobal
